
Microsoft Visual Studio Solution File, Format Version 12.00
# Visual Studio Version 17
VisualStudioVersion = 17.13.35931.197 d17.13
MinimumVisualStudioVersion = 10.0.40219.1
Project("{2150E333-8FDC-42A3-9474-1A3956D46DE8}") = "Services", "Services", "{C95983C4-2639-40A4-A16B-13691C2FBE85}"
EndProject
Project("{2150E333-8FDC-42A3-9474-1A3956D46DE8}") = "BuildingBlocks", "BuildingBlocks", "{A2DAF278-7C89-4323-BA79-E05084277940}"
EndProject
Project("{FAE04EC0-301F-11D3-BF4B-00C04F79EFBC}") = "BuildingBlocks", "BuildingBlocks\BuildingBlocks\BuildingBlocks.csproj", "{6769E0A0-3B5E-4581-A1AC-585089AEA01A}"
EndProject
Project("{E53339B2-1760-4266-BCC7-CA923CBCF16C}") = "docker-compose", "docker-compose.dcproj", "{37FAE944-806F-42B5-8BED-824106507F11}"
EndProject
Project("{2150E333-8FDC-42A3-9474-1A3956D46DE8}") = "Basket", "Basket", "{072FE1F0-9BEA-42B9-B5FD-901E47DAA358}"
EndProject
Project("{2150E333-8FDC-42A3-9474-1A3956D46DE8}") = "Ordering", "Ordering", "{1CFC8E77-ACBE-4AD9-8DE5-20A7D2B04A3C}"
EndProject
Project("{2150E333-8FDC-42A3-9474-1A3956D46DE8}") = "Discount", "Discount", "{5958D32D-D979-4146-9384-9A17A3E8A81D}"
EndProject
Project("{2150E333-8FDC-42A3-9474-1A3956D46DE8}") = "Catalog", "Catalog", "{7647EB4B-4E3B-4290-B3FA-D1AE6C2C4052}"
EndProject
Project("{2150E333-8FDC-42A3-9474-1A3956D46DE8}") = "Basket.API", "Basket.API", "{A9B1A60A-4579-4A61-8FB8-F41D4AA55163}"
EndProject
Project("{2150E333-8FDC-42A3-9474-1A3956D46DE8}") = "Catalog.API", "Catalog.API", "{1C3186F1-79F1-4658-B344-850C365F6C77}"
EndProject
Project("{2150E333-8FDC-42A3-9474-1A3956D46DE8}") = "Discount.GRPC", "Discount.GRPC", "{4FF7FF3A-3DBE-416B-B146-308A48D2E987}"
EndProject
Project("{2150E333-8FDC-42A3-9474-1A3956D46DE8}") = "Ordering.API", "Ordering.API", "{544B18A5-03C1-4261-84E9-ED8BDC3D5AE8}"
EndProject
Project("{FAE04EC0-301F-11D3-BF4B-00C04F79EFBC}") = "BasketAPI", "Services\Basket2\BasketAPI\BasketAPI.csproj", "{94569F17-20BE-57D6-73E8-1FA1EB3AC912}"
EndProject
Project("{FAE04EC0-301F-11D3-BF4B-00C04F79EFBC}") = "CatalogAPI", "Services\Catalog2\CatalogAPI\CatalogAPI.csproj", "{5B6142DD-3CF4-61AE-11BC-A8D80CB95527}"
EndProject
Project("{FAE04EC0-301F-11D3-BF4B-00C04F79EFBC}") = "Discount.GRPC", "Services\Discount2\Discount.GRPC\Discount.GRPC.csproj", "{0BF3EE38-772B-9461-B89E-B0A7A0581169}"
EndProject
Project("{FAE04EC0-301F-11D3-BF4B-00C04F79EFBC}") = "OrderingAPI", "Services\Ordering2\OrderingAPI\OrderingAPI.csproj", "{7BEEBE14-A182-1558-5D7B-78782E1AEA4E}"
EndProject
Project("{FAE04EC0-301F-11D3-BF4B-00C04F79EFBC}") = "Ordering.Application", "Services\Ordering2\Ordering.Application\Ordering.Application.csproj", "{20D1F645-3E13-1406-CD1F-E3CA22671C4A}"
EndProject
Project("{FAE04EC0-301F-11D3-BF4B-00C04F79EFBC}") = "Ordering.Domain", "Services\Ordering2\Ordering.Domain\Ordering.Domain.csproj", "{79B981C0-05E0-2B7F-A2C3-5D877A59655D}"
EndProject
Project("{FAE04EC0-301F-11D3-BF4B-00C04F79EFBC}") = "Ordering.Infrastructure", "Services\Ordering2\Ordering.Infrastructure\Ordering.Infrastructure.csproj", "{9DB3520B-99AA-902D-1801-9F8962E5DC5C}"
EndProject
Project("{FAE04EC0-301F-11D3-BF4B-00C04F79EFBC}") = "BuildingBlocks.Messaging", "BuildingBlocks\BuildingBlocks.Messaging\BuildingBlocks.Messaging.csproj", "{C54EBD55-9955-4AD7-8622-B0FFF72F0AE1}"
EndProject
Global
	GlobalSection(SolutionConfigurationPlatforms) = preSolution
		Debug|Any CPU = Debug|Any CPU
		Release|Any CPU = Release|Any CPU
	EndGlobalSection
	GlobalSection(ProjectConfigurationPlatforms) = postSolution
		{6769E0A0-3B5E-4581-A1AC-585089AEA01A}.Debug|Any CPU.ActiveCfg = Debug|Any CPU
		{6769E0A0-3B5E-4581-A1AC-585089AEA01A}.Debug|Any CPU.Build.0 = Debug|Any CPU
		{6769E0A0-3B5E-4581-A1AC-585089AEA01A}.Release|Any CPU.ActiveCfg = Release|Any CPU
		{6769E0A0-3B5E-4581-A1AC-585089AEA01A}.Release|Any CPU.Build.0 = Release|Any CPU
		{37FAE944-806F-42B5-8BED-824106507F11}.Debug|Any CPU.ActiveCfg = Debug|Any CPU
		{37FAE944-806F-42B5-8BED-824106507F11}.Debug|Any CPU.Build.0 = Debug|Any CPU
		{37FAE944-806F-42B5-8BED-824106507F11}.Release|Any CPU.ActiveCfg = Release|Any CPU
		{37FAE944-806F-42B5-8BED-824106507F11}.Release|Any CPU.Build.0 = Release|Any CPU
		{94569F17-20BE-57D6-73E8-1FA1EB3AC912}.Debug|Any CPU.ActiveCfg = Debug|Any CPU
		{94569F17-20BE-57D6-73E8-1FA1EB3AC912}.Debug|Any CPU.Build.0 = Debug|Any CPU
		{94569F17-20BE-57D6-73E8-1FA1EB3AC912}.Release|Any CPU.ActiveCfg = Release|Any CPU
		{94569F17-20BE-57D6-73E8-1FA1EB3AC912}.Release|Any CPU.Build.0 = Release|Any CPU
		{5B6142DD-3CF4-61AE-11BC-A8D80CB95527}.Debug|Any CPU.ActiveCfg = Debug|Any CPU
		{5B6142DD-3CF4-61AE-11BC-A8D80CB95527}.Debug|Any CPU.Build.0 = Debug|Any CPU
		{5B6142DD-3CF4-61AE-11BC-A8D80CB95527}.Release|Any CPU.ActiveCfg = Release|Any CPU
		{5B6142DD-3CF4-61AE-11BC-A8D80CB95527}.Release|Any CPU.Build.0 = Release|Any CPU
		{0BF3EE38-772B-9461-B89E-B0A7A0581169}.Debug|Any CPU.ActiveCfg = Debug|Any CPU
		{0BF3EE38-772B-9461-B89E-B0A7A0581169}.Debug|Any CPU.Build.0 = Debug|Any CPU
		{0BF3EE38-772B-9461-B89E-B0A7A0581169}.Release|Any CPU.ActiveCfg = Release|Any CPU
		{0BF3EE38-772B-9461-B89E-B0A7A0581169}.Release|Any CPU.Build.0 = Release|Any CPU
		{7BEEBE14-A182-1558-5D7B-78782E1AEA4E}.Debug|Any CPU.ActiveCfg = Debug|Any CPU
		{7BEEBE14-A182-1558-5D7B-78782E1AEA4E}.Debug|Any CPU.Build.0 = Debug|Any CPU
		{7BEEBE14-A182-1558-5D7B-78782E1AEA4E}.Release|Any CPU.ActiveCfg = Release|Any CPU
		{7BEEBE14-A182-1558-5D7B-78782E1AEA4E}.Release|Any CPU.Build.0 = Release|Any CPU
		{20D1F645-3E13-1406-CD1F-E3CA22671C4A}.Debug|Any CPU.ActiveCfg = Debug|Any CPU
		{20D1F645-3E13-1406-CD1F-E3CA22671C4A}.Debug|Any CPU.Build.0 = Debug|Any CPU
		{20D1F645-3E13-1406-CD1F-E3CA22671C4A}.Release|Any CPU.ActiveCfg = Release|Any CPU
		{20D1F645-3E13-1406-CD1F-E3CA22671C4A}.Release|Any CPU.Build.0 = Release|Any CPU
		{79B981C0-05E0-2B7F-A2C3-5D877A59655D}.Debug|Any CPU.ActiveCfg = Debug|Any CPU
		{79B981C0-05E0-2B7F-A2C3-5D877A59655D}.Debug|Any CPU.Build.0 = Debug|Any CPU
		{79B981C0-05E0-2B7F-A2C3-5D877A59655D}.Release|Any CPU.ActiveCfg = Release|Any CPU
		{79B981C0-05E0-2B7F-A2C3-5D877A59655D}.Release|Any CPU.Build.0 = Release|Any CPU
		{9DB3520B-99AA-902D-1801-9F8962E5DC5C}.Debug|Any CPU.ActiveCfg = Debug|Any CPU
		{9DB3520B-99AA-902D-1801-9F8962E5DC5C}.Debug|Any CPU.Build.0 = Debug|Any CPU
		{9DB3520B-99AA-902D-1801-9F8962E5DC5C}.Release|Any CPU.ActiveCfg = Release|Any CPU
		{9DB3520B-99AA-902D-1801-9F8962E5DC5C}.Release|Any CPU.Build.0 = Release|Any CPU
		{C54EBD55-9955-4AD7-8622-B0FFF72F0AE1}.Debug|Any CPU.ActiveCfg = Debug|Any CPU
		{C54EBD55-9955-4AD7-8622-B0FFF72F0AE1}.Debug|Any CPU.Build.0 = Debug|Any CPU
		{C54EBD55-9955-4AD7-8622-B0FFF72F0AE1}.Release|Any CPU.ActiveCfg = Release|Any CPU
		{C54EBD55-9955-4AD7-8622-B0FFF72F0AE1}.Release|Any CPU.Build.0 = Release|Any CPU
	EndGlobalSection
	GlobalSection(SolutionProperties) = preSolution
		HideSolutionNode = FALSE
	EndGlobalSection
	GlobalSection(NestedProjects) = preSolution
		{6769E0A0-3B5E-4581-A1AC-585089AEA01A} = {A2DAF278-7C89-4323-BA79-E05084277940}
		{072FE1F0-9BEA-42B9-B5FD-901E47DAA358} = {C95983C4-2639-40A4-A16B-13691C2FBE85}
		{1CFC8E77-ACBE-4AD9-8DE5-20A7D2B04A3C} = {C95983C4-2639-40A4-A16B-13691C2FBE85}
		{5958D32D-D979-4146-9384-9A17A3E8A81D} = {C95983C4-2639-40A4-A16B-13691C2FBE85}
		{7647EB4B-4E3B-4290-B3FA-D1AE6C2C4052} = {C95983C4-2639-40A4-A16B-13691C2FBE85}
		{A9B1A60A-4579-4A61-8FB8-F41D4AA55163} = {072FE1F0-9BEA-42B9-B5FD-901E47DAA358}
		{1C3186F1-79F1-4658-B344-850C365F6C77} = {7647EB4B-4E3B-4290-B3FA-D1AE6C2C4052}
		{4FF7FF3A-3DBE-416B-B146-308A48D2E987} = {5958D32D-D979-4146-9384-9A17A3E8A81D}
		{544B18A5-03C1-4261-84E9-ED8BDC3D5AE8} = {1CFC8E77-ACBE-4AD9-8DE5-20A7D2B04A3C}
		{94569F17-20BE-57D6-73E8-1FA1EB3AC912} = {A9B1A60A-4579-4A61-8FB8-F41D4AA55163}
		{5B6142DD-3CF4-61AE-11BC-A8D80CB95527} = {1C3186F1-79F1-4658-B344-850C365F6C77}
		{0BF3EE38-772B-9461-B89E-B0A7A0581169} = {4FF7FF3A-3DBE-416B-B146-308A48D2E987}
		{7BEEBE14-A182-1558-5D7B-78782E1AEA4E} = {544B18A5-03C1-4261-84E9-ED8BDC3D5AE8}
		{20D1F645-3E13-1406-CD1F-E3CA22671C4A} = {544B18A5-03C1-4261-84E9-ED8BDC3D5AE8}
		{79B981C0-05E0-2B7F-A2C3-5D877A59655D} = {544B18A5-03C1-4261-84E9-ED8BDC3D5AE8}
		{9DB3520B-99AA-902D-1801-9F8962E5DC5C} = {544B18A5-03C1-4261-84E9-ED8BDC3D5AE8}
		{C54EBD55-9955-4AD7-8622-B0FFF72F0AE1} = {A2DAF278-7C89-4323-BA79-E05084277940}
	EndGlobalSection
	GlobalSection(ExtensibilityGlobals) = postSolution
		SolutionGuid = {EAF96B97-D7C7-41D4-8D6D-069FE053BD96}
	EndGlobalSection
EndGlobal
