
Microsoft Visual Studio Solution File, Format Version 12.00
# Visual Studio Version 17
VisualStudioVersion = 17.12.35514.174
MinimumVisualStudioVersion = 10.0.40219.1
Project("{2150E333-8FDC-42A3-9474-1A3956D46DE8}") = "Services", "Services", "{C95983C4-2639-40A4-A16B-13691C2FBE85}"
EndProject
Project("{2150E333-8FDC-42A3-9474-1A3956D46DE8}") = "BuildingBlocks", "BuildingBlocks", "{A2DAF278-7C89-4323-BA79-E05084277940}"
EndProject
Project("{FAE04EC0-301F-11D3-BF4B-00C04F79EFBC}") = "BuildingBlocks", "BuildingBlocks\BuildingBlocks\BuildingBlocks.csproj", "{6769E0A0-3B5E-4581-A1AC-585089AEA01A}"
EndProject
Project("{E53339B2-1760-4266-BCC7-CA923CBCF16C}") = "docker-compose", "docker-compose.dcproj", "{37FAE944-806F-42B5-8BED-824106507F11}"
EndProject
Project("{2150E333-8FDC-42A3-9474-1A3956D46DE8}") = "Ordering", "Ordering", "{1AC58398-10AA-4848-8223-F9606BFFBC3F}"
EndProject
Project("{FAE04EC0-301F-11D3-BF4B-00C04F79EFBC}") = "Ordering.Domain", "Services\Ordering\Ordering.Domain\Ordering.Domain.csproj", "{8A418979-1D51-4D42-961A-F2ED03283B5F}"
EndProject
Project("{FAE04EC0-301F-11D3-BF4B-00C04F79EFBC}") = "Ordering.Application", "Services\Ordering\Ordering.Application\Ordering.Application.csproj", "{954EFC51-66A2-45B8-AB00-B2A4DB778A81}"
EndProject
Project("{FAE04EC0-301F-11D3-BF4B-00C04F79EFBC}") = "Ordering.Infrastructure", "Services\Ordering\Ordering.Infrastructure\Ordering.Infrastructure.csproj", "{47B4C2EA-A127-434C-8DD3-52DBF57712A8}"
EndProject
Global
	GlobalSection(SolutionConfigurationPlatforms) = preSolution
		Debug|Any CPU = Debug|Any CPU
		Release|Any CPU = Release|Any CPU
	EndGlobalSection
	GlobalSection(ProjectConfigurationPlatforms) = postSolution
		{6769E0A0-3B5E-4581-A1AC-585089AEA01A}.Debug|Any CPU.ActiveCfg = Debug|Any CPU
		{6769E0A0-3B5E-4581-A1AC-585089AEA01A}.Debug|Any CPU.Build.0 = Debug|Any CPU
		{6769E0A0-3B5E-4581-A1AC-585089AEA01A}.Release|Any CPU.ActiveCfg = Release|Any CPU
		{6769E0A0-3B5E-4581-A1AC-585089AEA01A}.Release|Any CPU.Build.0 = Release|Any CPU
		{37FAE944-806F-42B5-8BED-824106507F11}.Debug|Any CPU.ActiveCfg = Debug|Any CPU
		{37FAE944-806F-42B5-8BED-824106507F11}.Debug|Any CPU.Build.0 = Debug|Any CPU
		{37FAE944-806F-42B5-8BED-824106507F11}.Release|Any CPU.ActiveCfg = Release|Any CPU
		{37FAE944-806F-42B5-8BED-824106507F11}.Release|Any CPU.Build.0 = Release|Any CPU
		{8A418979-1D51-4D42-961A-F2ED03283B5F}.Debug|Any CPU.ActiveCfg = Debug|Any CPU
		{8A418979-1D51-4D42-961A-F2ED03283B5F}.Debug|Any CPU.Build.0 = Debug|Any CPU
		{8A418979-1D51-4D42-961A-F2ED03283B5F}.Release|Any CPU.ActiveCfg = Release|Any CPU
		{8A418979-1D51-4D42-961A-F2ED03283B5F}.Release|Any CPU.Build.0 = Release|Any CPU
		{954EFC51-66A2-45B8-AB00-B2A4DB778A81}.Debug|Any CPU.ActiveCfg = Debug|Any CPU
		{954EFC51-66A2-45B8-AB00-B2A4DB778A81}.Debug|Any CPU.Build.0 = Debug|Any CPU
		{954EFC51-66A2-45B8-AB00-B2A4DB778A81}.Release|Any CPU.ActiveCfg = Release|Any CPU
		{954EFC51-66A2-45B8-AB00-B2A4DB778A81}.Release|Any CPU.Build.0 = Release|Any CPU
		{47B4C2EA-A127-434C-8DD3-52DBF57712A8}.Debug|Any CPU.ActiveCfg = Debug|Any CPU
		{47B4C2EA-A127-434C-8DD3-52DBF57712A8}.Debug|Any CPU.Build.0 = Debug|Any CPU
		{47B4C2EA-A127-434C-8DD3-52DBF57712A8}.Release|Any CPU.ActiveCfg = Release|Any CPU
		{47B4C2EA-A127-434C-8DD3-52DBF57712A8}.Release|Any CPU.Build.0 = Release|Any CPU
	EndGlobalSection
	GlobalSection(SolutionProperties) = preSolution
		HideSolutionNode = FALSE
	EndGlobalSection
	GlobalSection(NestedProjects) = preSolution
		{6769E0A0-3B5E-4581-A1AC-585089AEA01A} = {A2DAF278-7C89-4323-BA79-E05084277940}
		{1AC58398-10AA-4848-8223-F9606BFFBC3F} = {C95983C4-2639-40A4-A16B-13691C2FBE85}
		{8A418979-1D51-4D42-961A-F2ED03283B5F} = {1AC58398-10AA-4848-8223-F9606BFFBC3F}
		{954EFC51-66A2-45B8-AB00-B2A4DB778A81} = {1AC58398-10AA-4848-8223-F9606BFFBC3F}
		{47B4C2EA-A127-434C-8DD3-52DBF57712A8} = {1AC58398-10AA-4848-8223-F9606BFFBC3F}
	EndGlobalSection
EndGlobal
